
Microsoft Visual Studio Solution File, Format Version 12.00
# Visual Studio Version 16
VisualStudioVersion = 16.0.30517.126
MinimumVisualStudioVersion = 10.0.40219.1
Project("{FAE04EC0-301F-11D3-BF4B-00C04F79EFBC}") = "MTGDeckBuilder", "MTGDeckBuilder.csproj", "{58BDC8D3-2D12-4F9A-A62A-6CA6A60BAFDF}"
EndProject
Project("{FAE04EC0-301F-11D3-BF4B-00C04F79EFBC}") = "MTGDeckBuilder.Tests", "..\MTGDeckBuilder.Tests\MTGDeckBuilder.Tests.csproj", "{8773D269-4FFF-4434-A33C-654B63246C8A}"
EndProject
Global
	GlobalSection(SolutionConfigurationPlatforms) = preSolution
		Debug|Any CPU = Debug|Any CPU
		Release|Any CPU = Release|Any CPU
	EndGlobalSection
	GlobalSection(ProjectConfigurationPlatforms) = postSolution
		{58BDC8D3-2D12-4F9A-A62A-6CA6A60BAFDF}.Debug|Any CPU.ActiveCfg = Debug|Any CPU
		{58BDC8D3-2D12-4F9A-A62A-6CA6A60BAFDF}.Debug|Any CPU.Build.0 = Debug|Any CPU
		{58BDC8D3-2D12-4F9A-A62A-6CA6A60BAFDF}.Release|Any CPU.ActiveCfg = Release|Any CPU
		{58BDC8D3-2D12-4F9A-A62A-6CA6A60BAFDF}.Release|Any CPU.Build.0 = Release|Any CPU
		{8773D269-4FFF-4434-A33C-654B63246C8A}.Debug|Any CPU.ActiveCfg = Debug|Any CPU
		{8773D269-4FFF-4434-A33C-654B63246C8A}.Debug|Any CPU.Build.0 = Debug|Any CPU
		{8773D269-4FFF-4434-A33C-654B63246C8A}.Release|Any CPU.ActiveCfg = Release|Any CPU
		{8773D269-4FFF-4434-A33C-654B63246C8A}.Release|Any CPU.Build.0 = Release|Any CPU
	EndGlobalSection
	GlobalSection(SolutionProperties) = preSolution
		HideSolutionNode = FALSE
	EndGlobalSection
	GlobalSection(ExtensibilityGlobals) = postSolution
		SolutionGuid = {33926D80-E15F-45C9-AB36-D2852E890B8E}
	EndGlobalSection
EndGlobal
